
Microsoft Visual Studio Solution File, Format Version 12.00
# Visual Studio Version 17
VisualStudioVersion = 17.9.34701.34
MinimumVisualStudioVersion = 10.0.40219.1
Project("{FAE04EC0-301F-11D3-BF4B-00C04F79EFBC}") = "AD-Password-Reset", "AD-Password-Reset\AD-Password-Reset.csproj", "{EC16F1C2-8407-472F-A591-F9182D020228}"
EndProject
Global
	GlobalSection(SolutionConfigurationPlatforms) = preSolution
		Debug|Any CPU = Debug|Any CPU
		Release|Any CPU = Release|Any CPU
	EndGlobalSection
	GlobalSection(ProjectConfigurationPlatforms) = postSolution
		{EC16F1C2-8407-472F-A591-F9182D020228}.Debug|Any CPU.ActiveCfg = Debug|Any CPU
		{EC16F1C2-8407-472F-A591-F9182D020228}.Debug|Any CPU.Build.0 = Debug|Any CPU
		{EC16F1C2-8407-472F-A591-F9182D020228}.Release|Any CPU.ActiveCfg = Release|Any CPU
		{EC16F1C2-8407-472F-A591-F9182D020228}.Release|Any CPU.Build.0 = Release|Any CPU
	EndGlobalSection
	GlobalSection(SolutionProperties) = preSolution
		HideSolutionNode = FALSE
	EndGlobalSection
	GlobalSection(ExtensibilityGlobals) = postSolution
		SolutionGuid = {7850C0CC-4F69-4133-9689-3E35E89C9EAA}
	EndGlobalSection
EndGlobal
